
Microsoft Visual Studio Solution File, Format Version 12.00
# Visual Studio Version 17
VisualStudioVersion = 17.7.34221.43
MinimumVisualStudioVersion = 10.0.40219.1
Project("{FAE04EC0-301F-11D3-BF4B-00C04F79EFBC}") = "pract", "pract\pract.csproj", "{2AA2D983-B924-4400-8715-69E9F8686EAC}"
EndProject
Global
	GlobalSection(SolutionConfigurationPlatforms) = preSolution
		Debug|Any CPU = Debug|Any CPU
		Release|Any CPU = Release|Any CPU
	EndGlobalSection
	GlobalSection(ProjectConfigurationPlatforms) = postSolution
		{2AA2D983-B924-4400-8715-69E9F8686EAC}.Debug|Any CPU.ActiveCfg = Debug|Any CPU
		{2AA2D983-B924-4400-8715-69E9F8686EAC}.Debug|Any CPU.Build.0 = Debug|Any CPU
		{2AA2D983-B924-4400-8715-69E9F8686EAC}.Release|Any CPU.ActiveCfg = Release|Any CPU
		{2AA2D983-B924-4400-8715-69E9F8686EAC}.Release|Any CPU.Build.0 = Release|Any CPU
	EndGlobalSection
	GlobalSection(SolutionProperties) = preSolution
		HideSolutionNode = FALSE
	EndGlobalSection
	GlobalSection(ExtensibilityGlobals) = postSolution
		SolutionGuid = {A12769E5-A7C7-4D2E-96B5-70CF9524A441}
	EndGlobalSection
EndGlobal
